
Microsoft Visual Studio Solution File, Format Version 12.00
# Visual Studio Version 17
VisualStudioVersion = 17.2.32616.157
MinimumVisualStudioVersion = 10.0.40219.1
Project("{FAE04EC0-301F-11D3-BF4B-00C04F79EFBC}") = "GameShop.WebApi", "project.WebApi\GameShop.WebApi.csproj", "{D330DBDB-D8F2-422A-9ADF-B935B99996FB}"
	ProjectSection(ProjectDependencies) = postProject
		{32AB342B-3A7C-4DBB-9D00-964D6F24673E} = {32AB342B-3A7C-4DBB-9D00-964D6F24673E}
		{5E0B07CC-C178-434B-BCED-52EC9806C24D} = {5E0B07CC-C178-434B-BCED-52EC9806C24D}
		{612EF6B6-2949-48E6-A343-6860844A8A5D} = {612EF6B6-2949-48E6-A343-6860844A8A5D}
		{9F5FA1E3-A2EA-47CB-9964-E013FC52A4B3} = {9F5FA1E3-A2EA-47CB-9964-E013FC52A4B3}
		{E98F556E-9C2B-43F9-BE32-2ACF7834D26D} = {E98F556E-9C2B-43F9-BE32-2ACF7834D26D}
	EndProjectSection
EndProject
Project("{FAE04EC0-301F-11D3-BF4B-00C04F79EFBC}") = "GameShop.Service", "GameShop.Service\GameShop.Service.csproj", "{5E0B07CC-C178-434B-BCED-52EC9806C24D}"
	ProjectSection(ProjectDependencies) = postProject
		{32AB342B-3A7C-4DBB-9D00-964D6F24673E} = {32AB342B-3A7C-4DBB-9D00-964D6F24673E}
		{4BDCD206-201F-406F-BF30-04308CD77193} = {4BDCD206-201F-406F-BF30-04308CD77193}
		{612EF6B6-2949-48E6-A343-6860844A8A5D} = {612EF6B6-2949-48E6-A343-6860844A8A5D}
		{9F5FA1E3-A2EA-47CB-9964-E013FC52A4B3} = {9F5FA1E3-A2EA-47CB-9964-E013FC52A4B3}
		{D0F33ECA-4625-4F1F-9319-AA5EC0C194C3} = {D0F33ECA-4625-4F1F-9319-AA5EC0C194C3}
	EndProjectSection
EndProject
Project("{FAE04EC0-301F-11D3-BF4B-00C04F79EFBC}") = "GameShop.Service.Common", "GameShop.Service.Common\GameShop.Service.Common.csproj", "{E98F556E-9C2B-43F9-BE32-2ACF7834D26D}"
EndProject
Project("{FAE04EC0-301F-11D3-BF4B-00C04F79EFBC}") = "GameShop.Repository", "GameShop.Repository\GameShop.Repository.csproj", "{D0F33ECA-4625-4F1F-9319-AA5EC0C194C3}"
	ProjectSection(ProjectDependencies) = postProject
		{32AB342B-3A7C-4DBB-9D00-964D6F24673E} = {32AB342B-3A7C-4DBB-9D00-964D6F24673E}
		{612EF6B6-2949-48E6-A343-6860844A8A5D} = {612EF6B6-2949-48E6-A343-6860844A8A5D}
		{86351ADA-8F0A-4916-B637-AC102B46321C} = {86351ADA-8F0A-4916-B637-AC102B46321C}
		{9F5FA1E3-A2EA-47CB-9964-E013FC52A4B3} = {9F5FA1E3-A2EA-47CB-9964-E013FC52A4B3}
	EndProjectSection
EndProject
Project("{FAE04EC0-301F-11D3-BF4B-00C04F79EFBC}") = "GameShop.Repository.Common", "GameShop.Repository.Common\GameShop.Repository.Common.csproj", "{4BDCD206-201F-406F-BF30-04308CD77193}"
EndProject
Project("{FAE04EC0-301F-11D3-BF4B-00C04F79EFBC}") = "GameShop.DAL", "GameShop.DAL\GameShop.DAL.csproj", "{86351ADA-8F0A-4916-B637-AC102B46321C}"
	ProjectSection(ProjectDependencies) = postProject
		{32AB342B-3A7C-4DBB-9D00-964D6F24673E} = {32AB342B-3A7C-4DBB-9D00-964D6F24673E}
		{612EF6B6-2949-48E6-A343-6860844A8A5D} = {612EF6B6-2949-48E6-A343-6860844A8A5D}
		{9F5FA1E3-A2EA-47CB-9964-E013FC52A4B3} = {9F5FA1E3-A2EA-47CB-9964-E013FC52A4B3}
	EndProjectSection
EndProject
Project("{FAE04EC0-301F-11D3-BF4B-00C04F79EFBC}") = "GameShop.Model", "GameShop.Model\GameShop.Model.csproj", "{32AB342B-3A7C-4DBB-9D00-964D6F24673E}"
	ProjectSection(ProjectDependencies) = postProject
		{612EF6B6-2949-48E6-A343-6860844A8A5D} = {612EF6B6-2949-48E6-A343-6860844A8A5D}
		{9F5FA1E3-A2EA-47CB-9964-E013FC52A4B3} = {9F5FA1E3-A2EA-47CB-9964-E013FC52A4B3}
	EndProjectSection
EndProject
Project("{FAE04EC0-301F-11D3-BF4B-00C04F79EFBC}") = "GameShop.Model.Common", "GameShop.Model.Common\GameShop.Model.Common.csproj", "{612EF6B6-2949-48E6-A343-6860844A8A5D}"
EndProject
Project("{FAE04EC0-301F-11D3-BF4B-00C04F79EFBC}") = "GameShop.Common", "GameShop.Common\GameShop.Common.csproj", "{9F5FA1E3-A2EA-47CB-9964-E013FC52A4B3}"
EndProject
Global
	GlobalSection(SolutionConfigurationPlatforms) = preSolution
		Debug|Any CPU = Debug|Any CPU
		Release|Any CPU = Release|Any CPU
	EndGlobalSection
	GlobalSection(ProjectConfigurationPlatforms) = postSolution
		{D330DBDB-D8F2-422A-9ADF-B935B99996FB}.Debug|Any CPU.ActiveCfg = Debug|Any CPU
		{D330DBDB-D8F2-422A-9ADF-B935B99996FB}.Debug|Any CPU.Build.0 = Debug|Any CPU
		{D330DBDB-D8F2-422A-9ADF-B935B99996FB}.Release|Any CPU.ActiveCfg = Release|Any CPU
		{D330DBDB-D8F2-422A-9ADF-B935B99996FB}.Release|Any CPU.Build.0 = Release|Any CPU
		{5E0B07CC-C178-434B-BCED-52EC9806C24D}.Debug|Any CPU.ActiveCfg = Debug|Any CPU
		{5E0B07CC-C178-434B-BCED-52EC9806C24D}.Debug|Any CPU.Build.0 = Debug|Any CPU
		{5E0B07CC-C178-434B-BCED-52EC9806C24D}.Release|Any CPU.ActiveCfg = Release|Any CPU
		{5E0B07CC-C178-434B-BCED-52EC9806C24D}.Release|Any CPU.Build.0 = Release|Any CPU
		{E98F556E-9C2B-43F9-BE32-2ACF7834D26D}.Debug|Any CPU.ActiveCfg = Debug|Any CPU
		{E98F556E-9C2B-43F9-BE32-2ACF7834D26D}.Debug|Any CPU.Build.0 = Debug|Any CPU
		{E98F556E-9C2B-43F9-BE32-2ACF7834D26D}.Release|Any CPU.ActiveCfg = Release|Any CPU
		{E98F556E-9C2B-43F9-BE32-2ACF7834D26D}.Release|Any CPU.Build.0 = Release|Any CPU
		{D0F33ECA-4625-4F1F-9319-AA5EC0C194C3}.Debug|Any CPU.ActiveCfg = Debug|Any CPU
		{D0F33ECA-4625-4F1F-9319-AA5EC0C194C3}.Debug|Any CPU.Build.0 = Debug|Any CPU
		{D0F33ECA-4625-4F1F-9319-AA5EC0C194C3}.Release|Any CPU.ActiveCfg = Release|Any CPU
		{D0F33ECA-4625-4F1F-9319-AA5EC0C194C3}.Release|Any CPU.Build.0 = Release|Any CPU
		{4BDCD206-201F-406F-BF30-04308CD77193}.Debug|Any CPU.ActiveCfg = Debug|Any CPU
		{4BDCD206-201F-406F-BF30-04308CD77193}.Debug|Any CPU.Build.0 = Debug|Any CPU
		{4BDCD206-201F-406F-BF30-04308CD77193}.Release|Any CPU.ActiveCfg = Release|Any CPU
		{4BDCD206-201F-406F-BF30-04308CD77193}.Release|Any CPU.Build.0 = Release|Any CPU
		{86351ADA-8F0A-4916-B637-AC102B46321C}.Debug|Any CPU.ActiveCfg = Debug|Any CPU
		{86351ADA-8F0A-4916-B637-AC102B46321C}.Debug|Any CPU.Build.0 = Debug|Any CPU
		{86351ADA-8F0A-4916-B637-AC102B46321C}.Release|Any CPU.ActiveCfg = Release|Any CPU
		{86351ADA-8F0A-4916-B637-AC102B46321C}.Release|Any CPU.Build.0 = Release|Any CPU
		{32AB342B-3A7C-4DBB-9D00-964D6F24673E}.Debug|Any CPU.ActiveCfg = Debug|Any CPU
		{32AB342B-3A7C-4DBB-9D00-964D6F24673E}.Debug|Any CPU.Build.0 = Debug|Any CPU
		{32AB342B-3A7C-4DBB-9D00-964D6F24673E}.Release|Any CPU.ActiveCfg = Release|Any CPU
		{32AB342B-3A7C-4DBB-9D00-964D6F24673E}.Release|Any CPU.Build.0 = Release|Any CPU
		{612EF6B6-2949-48E6-A343-6860844A8A5D}.Debug|Any CPU.ActiveCfg = Debug|Any CPU
		{612EF6B6-2949-48E6-A343-6860844A8A5D}.Debug|Any CPU.Build.0 = Debug|Any CPU
		{612EF6B6-2949-48E6-A343-6860844A8A5D}.Release|Any CPU.ActiveCfg = Release|Any CPU
		{612EF6B6-2949-48E6-A343-6860844A8A5D}.Release|Any CPU.Build.0 = Release|Any CPU
		{9F5FA1E3-A2EA-47CB-9964-E013FC52A4B3}.Debug|Any CPU.ActiveCfg = Debug|Any CPU
		{9F5FA1E3-A2EA-47CB-9964-E013FC52A4B3}.Debug|Any CPU.Build.0 = Debug|Any CPU
		{9F5FA1E3-A2EA-47CB-9964-E013FC52A4B3}.Release|Any CPU.ActiveCfg = Release|Any CPU
		{9F5FA1E3-A2EA-47CB-9964-E013FC52A4B3}.Release|Any CPU.Build.0 = Release|Any CPU
	EndGlobalSection
	GlobalSection(SolutionProperties) = preSolution
		HideSolutionNode = FALSE
	EndGlobalSection
	GlobalSection(ExtensibilityGlobals) = postSolution
		SolutionGuid = {9902F5BF-F836-469A-A19E-5BCF1C2DC1A8}
	EndGlobalSection
EndGlobal
